
Microsoft Visual Studio Solution File, Format Version 12.00
# Visual Studio Version 17
VisualStudioVersion = 17.3.32922.545
MinimumVisualStudioVersion = 10.0.40219.1
Project("{9A19103F-16F7-4668-BE54-9A1E7A4F7556}") = "TrabalhoFinal", "TrabalhoFinal\TrabalhoFinal.csproj", "{34B5FFFB-9A30-478A-93AF-6F73A3320014}"
EndProject
Project("{FAE04EC0-301F-11D3-BF4B-00C04F79EFBC}") = "StorageJson", "StorageJson\StorageJson.csproj", "{38C9A086-EBFF-4290-A77F-6B6B2A4D95BA}"
EndProject
Global
	GlobalSection(SolutionConfigurationPlatforms) = preSolution
		Debug|Any CPU = Debug|Any CPU
		Release|Any CPU = Release|Any CPU
	EndGlobalSection
	GlobalSection(ProjectConfigurationPlatforms) = postSolution
		{34B5FFFB-9A30-478A-93AF-6F73A3320014}.Debug|Any CPU.ActiveCfg = Debug|Any CPU
		{34B5FFFB-9A30-478A-93AF-6F73A3320014}.Debug|Any CPU.Build.0 = Debug|Any CPU
		{34B5FFFB-9A30-478A-93AF-6F73A3320014}.Release|Any CPU.ActiveCfg = Release|Any CPU
		{34B5FFFB-9A30-478A-93AF-6F73A3320014}.Release|Any CPU.Build.0 = Release|Any CPU
		{38C9A086-EBFF-4290-A77F-6B6B2A4D95BA}.Debug|Any CPU.ActiveCfg = Debug|Any CPU
		{38C9A086-EBFF-4290-A77F-6B6B2A4D95BA}.Debug|Any CPU.Build.0 = Debug|Any CPU
		{38C9A086-EBFF-4290-A77F-6B6B2A4D95BA}.Release|Any CPU.ActiveCfg = Release|Any CPU
		{38C9A086-EBFF-4290-A77F-6B6B2A4D95BA}.Release|Any CPU.Build.0 = Release|Any CPU
	EndGlobalSection
	GlobalSection(SolutionProperties) = preSolution
		HideSolutionNode = FALSE
	EndGlobalSection
	GlobalSection(ExtensibilityGlobals) = postSolution
		SolutionGuid = {38866931-E062-43AF-860E-92D6A08FFFA3}
	EndGlobalSection
EndGlobal
